
Microsoft Visual Studio Solution File, Format Version 12.00
# Visual Studio Version 17
VisualStudioVersion = 17.0.32112.339
MinimumVisualStudioVersion = 10.0.40219.1
Project("{FAE04EC0-301F-11D3-BF4B-00C04F79EFBC}") = "ValoreLabSemana2", "ValoreLabSemana2\ValoreLabSemana2.csproj", "{719A026B-C00A-4B52-9183-1AF40B066C51}"
EndProject
Global
	GlobalSection(SolutionConfigurationPlatforms) = preSolution
		Debug|Any CPU = Debug|Any CPU
		Release|Any CPU = Release|Any CPU
	EndGlobalSection
	GlobalSection(ProjectConfigurationPlatforms) = postSolution
		{719A026B-C00A-4B52-9183-1AF40B066C51}.Debug|Any CPU.ActiveCfg = Debug|Any CPU
		{719A026B-C00A-4B52-9183-1AF40B066C51}.Debug|Any CPU.Build.0 = Debug|Any CPU
		{719A026B-C00A-4B52-9183-1AF40B066C51}.Release|Any CPU.ActiveCfg = Release|Any CPU
		{719A026B-C00A-4B52-9183-1AF40B066C51}.Release|Any CPU.Build.0 = Release|Any CPU
	EndGlobalSection
	GlobalSection(SolutionProperties) = preSolution
		HideSolutionNode = FALSE
	EndGlobalSection
	GlobalSection(ExtensibilityGlobals) = postSolution
		SolutionGuid = {C31B3FAD-BB20-4659-BFB4-832170602097}
	EndGlobalSection
EndGlobal
